
Microsoft Visual Studio Solution File, Format Version 12.00
# Visual Studio Version 16
VisualStudioVersion = 16.0.33130.400
MinimumVisualStudioVersion = 10.0.40219.1
Project("{FAE04EC0-301F-11D3-BF4B-00C04F79EFBC}") = "GladiatorsFight", "GladiatorsFight.csproj", "{B1C797E1-2217-4E5F-BA08-A0EA8E0548FB}"
EndProject
Global
	GlobalSection(SolutionConfigurationPlatforms) = preSolution
		Debug|Any CPU = Debug|Any CPU
		Release|Any CPU = Release|Any CPU
	EndGlobalSection
	GlobalSection(ProjectConfigurationPlatforms) = postSolution
		{B1C797E1-2217-4E5F-BA08-A0EA8E0548FB}.Debug|Any CPU.ActiveCfg = Debug|Any CPU
		{B1C797E1-2217-4E5F-BA08-A0EA8E0548FB}.Debug|Any CPU.Build.0 = Debug|Any CPU
		{B1C797E1-2217-4E5F-BA08-A0EA8E0548FB}.Release|Any CPU.ActiveCfg = Release|Any CPU
		{B1C797E1-2217-4E5F-BA08-A0EA8E0548FB}.Release|Any CPU.Build.0 = Release|Any CPU
	EndGlobalSection
	GlobalSection(SolutionProperties) = preSolution
		HideSolutionNode = FALSE
	EndGlobalSection
	GlobalSection(ExtensibilityGlobals) = postSolution
		SolutionGuid = {14510AD3-F266-4454-9F68-A6CE61F66F91}
	EndGlobalSection
EndGlobal
